
Microsoft Visual Studio Solution File, Format Version 12.00
# Visual Studio Version 17
VisualStudioVersion = 17.9.34728.123
MinimumVisualStudioVersion = 10.0.40219.1
Project("{FAE04EC0-301F-11D3-BF4B-00C04F79EFBC}") = "PlatformServicesDotNet5", "PlatformServicesDotNet5\PlatformServicesDotNet5.csproj", "{B09B3027-13D0-4CF3-93CF-84BEBBA42324}"
EndProject
Global
	GlobalSection(SolutionConfigurationPlatforms) = preSolution
		Debug|Any CPU = Debug|Any CPU
		Release|Any CPU = Release|Any CPU
	EndGlobalSection
	GlobalSection(ProjectConfigurationPlatforms) = postSolution
		{B09B3027-13D0-4CF3-93CF-84BEBBA42324}.Debug|Any CPU.ActiveCfg = Debug|Any CPU
		{B09B3027-13D0-4CF3-93CF-84BEBBA42324}.Debug|Any CPU.Build.0 = Debug|Any CPU
		{B09B3027-13D0-4CF3-93CF-84BEBBA42324}.Release|Any CPU.ActiveCfg = Release|Any CPU
		{B09B3027-13D0-4CF3-93CF-84BEBBA42324}.Release|Any CPU.Build.0 = Release|Any CPU
	EndGlobalSection
	GlobalSection(SolutionProperties) = preSolution
		HideSolutionNode = FALSE
	EndGlobalSection
	GlobalSection(ExtensibilityGlobals) = postSolution
		SolutionGuid = {F85D6985-3DBA-4C62-9347-1E345AD4E884}
	EndGlobalSection
EndGlobal
